
Microsoft Visual Studio Solution File, Format Version 12.00
# Visual Studio Version 17
VisualStudioVersion = 17.3.32929.385
MinimumVisualStudioVersion = 10.0.40219.1
Project("{FAE04EC0-301F-11D3-BF4B-00C04F79EFBC}") = "cancellieri.andrea.4h.threads", "cancellieri.andrea.4h.threads\cancellieri.andrea.4h.threads.csproj", "{CE48C91F-D69D-4B00-BAE5-C464DD0A726B}"
EndProject
Global
	GlobalSection(SolutionConfigurationPlatforms) = preSolution
		Debug|Any CPU = Debug|Any CPU
		Release|Any CPU = Release|Any CPU
	EndGlobalSection
	GlobalSection(ProjectConfigurationPlatforms) = postSolution
		{CE48C91F-D69D-4B00-BAE5-C464DD0A726B}.Debug|Any CPU.ActiveCfg = Debug|Any CPU
		{CE48C91F-D69D-4B00-BAE5-C464DD0A726B}.Debug|Any CPU.Build.0 = Debug|Any CPU
		{CE48C91F-D69D-4B00-BAE5-C464DD0A726B}.Release|Any CPU.ActiveCfg = Release|Any CPU
		{CE48C91F-D69D-4B00-BAE5-C464DD0A726B}.Release|Any CPU.Build.0 = Release|Any CPU
	EndGlobalSection
	GlobalSection(SolutionProperties) = preSolution
		HideSolutionNode = FALSE
	EndGlobalSection
	GlobalSection(ExtensibilityGlobals) = postSolution
		SolutionGuid = {196C9BBC-13CC-4872-9A7C-1BD4E18C4F1D}
	EndGlobalSection
EndGlobal
